<?xml version="1.0" encoding="utf-8"?>
<Project ToolsVersion="4.0" xmlns="http://schemas.microsoft.com/developer/msbuild/2003">
  <ItemGroup>
    <Filter Include="ソース ファイル">
      <UniqueIdentifier>{4FC737F1-C7A5-4376-A066-2A32D752A2FF}</UniqueIdentifier>
      <Extensions>cpp;c;cc;cxx;def;odl;idl;hpj;bat;asm;asmx</Extensions>
    </Filter>
    <Filter Include="ヘッダー ファイル">
      <UniqueIdentifier>{93995380-89BD-4b04-88EB-625FBE52EBFB}</UniqueIdentifier>
      <Extensions>h;hpp;hxx;hm;inl;inc;xsd</Extensions>
    </Filter>
    <Filter Include="リソース ファイル">
      <UniqueIdentifier>{67DA6AB6-F800-4c08-8B7A-83BB121AAD01}</UniqueIdentifier>
      <Extensions>rc;ico;cur;bmp;dlg;rc2;rct;bin;rgs;gif;jpg;jpeg;jpe;resx;tiff;tif;png;wav;mfcribbon-ms</Extensions>
    </Filter>
    <Filter Include="ソース ファイル\Main">
      <UniqueIdentifier>{b34ebc1d-67b9-4b76-aba6-c4a9108cffe0}</UniqueIdentifier>
    </Filter>
    <Filter Include="ソース ファイル\Title">
      <UniqueIdentifier>{82100ff4-7f6b-4131-a72c-29415e5309b2}</UniqueIdentifier>
    </Filter>
    <Filter Include="ソース ファイル\GameOver">
      <UniqueIdentifier>{fe99c31b-e2da-4cb5-83ac-c221d1ada5e2}</UniqueIdentifier>
    </Filter>
    <Filter Include="ソース ファイル\GameClear">
      <UniqueIdentifier>{dd15b67a-49f8-4ed3-ae5a-86151bb6d95b}</UniqueIdentifier>
    </Filter>
    <Filter Include="ソース ファイル\Main\Block">
      <UniqueIdentifier>{f347293b-fdcc-4f18-bd9e-0ad1eba741be}</UniqueIdentifier>
    </Filter>
    <Filter Include="ソース ファイル\Main\Boss">
      <UniqueIdentifier>{862a521f-4685-4caf-b11c-b4c4921a9ebb}</UniqueIdentifier>
    </Filter>
    <Filter Include="ソース ファイル\Main\Button">
      <UniqueIdentifier>{5d98c5b6-f265-461f-bebd-bc34e5dbdaf1}</UniqueIdentifier>
    </Filter>
    <Filter Include="ソース ファイル\Main\Enemy">
      <UniqueIdentifier>{6e975bc4-bc93-4b1e-8ecf-e81ad5d655b2}</UniqueIdentifier>
    </Filter>
    <Filter Include="ソース ファイル\Main\Hero">
      <UniqueIdentifier>{74643e16-b5b7-49bb-baf5-84ba48c2560f}</UniqueIdentifier>
    </Filter>
    <Filter Include="ソース ファイル\Main\Ladder">
      <UniqueIdentifier>{36f01b8e-aaa4-4747-af35-15f50575c0d9}</UniqueIdentifier>
    </Filter>
    <Filter Include="ソース ファイル\Main\Lift">
      <UniqueIdentifier>{2fc3a81a-d1b7-4d79-9426-eabcd7bb71b3}</UniqueIdentifier>
    </Filter>
    <Filter Include="ソース ファイル\Main\Rock">
      <UniqueIdentifier>{9c04e7e5-6731-4ff5-bdbf-00301dc46c6a}</UniqueIdentifier>
    </Filter>
    <Filter Include="ソース ファイル\Main\Map">
      <UniqueIdentifier>{47854930-c117-438c-8a1e-d9b9167fed75}</UniqueIdentifier>
    </Filter>
    <Filter Include="ソース ファイル\Main\Wood">
      <UniqueIdentifier>{58f624c0-6287-49bc-8469-d0bfe61e2bb8}</UniqueIdentifier>
    </Filter>
    <Filter Include="ソース ファイル\Main\RopeSwitch">
      <UniqueIdentifier>{7008c4d1-3a1b-4ced-9e1f-fc3526d7a85e}</UniqueIdentifier>
    </Filter>
    <Filter Include="ソース ファイル\Main\Bullet">
      <UniqueIdentifier>{130f064e-db86-4394-a28d-1e3764f02cac}</UniqueIdentifier>
    </Filter>
    <Filter Include="ソース ファイル\Main\Water">
      <UniqueIdentifier>{d89a5f9e-16d0-4bda-ae5b-67f5463cc289}</UniqueIdentifier>
    </Filter>
    <Filter Include="ソース ファイル\Main\Sign">
      <UniqueIdentifier>{43c2d251-286d-4ccd-93b7-60eb6d60b4b8}</UniqueIdentifier>
    </Filter>
    <Filter Include="ソース ファイル\Main\EnemyBullet">
      <UniqueIdentifier>{90437a14-4104-4ac8-838d-f327ec316b10}</UniqueIdentifier>
    </Filter>
    <Filter Include="ソース ファイル\Main\Rope">
      <UniqueIdentifier>{06a9a7c3-50d0-4b75-bd4f-72f36d0adf0a}</UniqueIdentifier>
    </Filter>
    <Filter Include="ソース ファイル\Main\Stage3Boss">
      <UniqueIdentifier>{e32fec2d-4a65-4cb2-b78b-a8e226b765bc}</UniqueIdentifier>
    </Filter>
    <Filter Include="ソース ファイル\Main\EndlessSpring">
      <UniqueIdentifier>{c782f425-bfb7-4f8a-a267-1bfd7a9162d9}</UniqueIdentifier>
    </Filter>
    <Filter Include="ソース ファイル\Main\ReflectBlock">
      <UniqueIdentifier>{3e17a3b5-d192-436d-b626-dad0185afe93}</UniqueIdentifier>
    </Filter>
    <Filter Include="ソース ファイル\Main\LeverSwich">
      <UniqueIdentifier>{1238450d-e6ac-4e91-a418-a53b16b7385a}</UniqueIdentifier>
    </Filter>
    <Filter Include="ソース ファイル\Main\door">
      <UniqueIdentifier>{2142473b-91fb-43be-be4b-e5a486d4221f}</UniqueIdentifier>
    </Filter>
    <Filter Include="ソース ファイル\Main\ThroughBlock">
      <UniqueIdentifier>{77f04e69-178f-4e96-b919-0d0532fefba0}</UniqueIdentifier>
    </Filter>
    <Filter Include="ソース ファイル\Main\BossDropKey">
      <UniqueIdentifier>{a7e1b532-76af-4058-ba94-098cb00ab2ef}</UniqueIdentifier>
    </Filter>
    <Filter Include="ソース ファイル\Main\FallingWalls">
      <UniqueIdentifier>{6296e886-feb9-4dad-8082-74c958c81f8c}</UniqueIdentifier>
    </Filter>
  </ItemGroup>
  <ItemGroup>
    <ClInclude Include="GameHead.h">
      <Filter>ヘッダー ファイル</Filter>
    </ClInclude>
    <ClInclude Include="main.h">
      <Filter>ヘッダー ファイル</Filter>
    </ClInclude>
    <ClInclude Include="GameL\Audio.h">
      <Filter>リソース ファイル</Filter>
    </ClInclude>
    <ClInclude Include="GameL\DirectXDevice.h">
      <Filter>リソース ファイル</Filter>
    </ClInclude>
    <ClInclude Include="GameL\DrawFont.h">
      <Filter>リソース ファイル</Filter>
    </ClInclude>
    <ClInclude Include="GameL\DrawTexture.h">
      <Filter>リソース ファイル</Filter>
    </ClInclude>
    <ClInclude Include="GameL\HitBoxManager.h">
      <Filter>リソース ファイル</Filter>
    </ClInclude>
    <ClInclude Include="GameL\MultiThread.h">
      <Filter>リソース ファイル</Filter>
    </ClInclude>
    <ClInclude Include="GameL\SceneManager.h">
      <Filter>リソース ファイル</Filter>
    </ClInclude>
    <ClInclude Include="GameL\SceneObjManager.h">
      <Filter>リソース ファイル</Filter>
    </ClInclude>
    <ClInclude Include="GameL\SetWindow.h">
      <Filter>リソース ファイル</Filter>
    </ClInclude>
    <ClInclude Include="GameL\UserData.h">
      <Filter>リソース ファイル</Filter>
    </ClInclude>
    <ClInclude Include="GameL\WinInputs.h">
      <Filter>リソース ファイル</Filter>
    </ClInclude>
    <ClInclude Include="SceneMain.h">
      <Filter>ソース ファイル\Main</Filter>
    </ClInclude>
    <ClInclude Include="SceneTitle.h">
      <Filter>ソース ファイル\Title</Filter>
    </ClInclude>
    <ClInclude Include="ObjTitle.h">
      <Filter>ソース ファイル\Title</Filter>
    </ClInclude>
    <ClInclude Include="ObjGameOver.h">
      <Filter>ソース ファイル\GameOver</Filter>
    </ClInclude>
    <ClInclude Include="SceneGameOver.h">
      <Filter>ソース ファイル\GameOver</Filter>
    </ClInclude>
    <ClInclude Include="ObjButton.h">
      <Filter>ソース ファイル\Main\Button</Filter>
    </ClInclude>
    <ClInclude Include="ObjEnemy.h">
      <Filter>ソース ファイル\Main\Enemy</Filter>
    </ClInclude>
    <ClInclude Include="ObjHero.h">
      <Filter>ソース ファイル\Main\Hero</Filter>
    </ClInclude>
    <ClInclude Include="ObjLadders.h">
      <Filter>ソース ファイル\Main\Ladder</Filter>
    </ClInclude>
    <ClInclude Include="ObjLift.h">
      <Filter>ソース ファイル\Main\Lift</Filter>
    </ClInclude>
    <ClInclude Include="ObjRock.h">
      <Filter>ソース ファイル\Main\Rock</Filter>
    </ClInclude>
    <ClInclude Include="ObjMap.h">
      <Filter>ソース ファイル\Main\Map</Filter>
    </ClInclude>
    <ClInclude Include="ObjBlock.h">
      <Filter>ソース ファイル\Main\Block</Filter>
    </ClInclude>
    <ClInclude Include="ObjWood.h">
      <Filter>ソース ファイル\Main\Wood</Filter>
    </ClInclude>
    <ClInclude Include="ObjRopeSwitch.h">
      <Filter>ソース ファイル\Main\RopeSwitch</Filter>
    </ClInclude>
    <ClInclude Include="ObjBullet.h">
      <Filter>ソース ファイル\Main\Bullet</Filter>
    </ClInclude>
    <ClInclude Include="ObjSign.h">
      <Filter>ソース ファイル\Main\Sign</Filter>
    </ClInclude>
    <ClInclude Include="ObjGameClear.h">
      <Filter>ソース ファイル\GameClear</Filter>
    </ClInclude>
    <ClInclude Include="SceneGameClear.h">
      <Filter>ソース ファイル\GameClear</Filter>
    </ClInclude>
    <ClInclude Include="ObjWater.h">
      <Filter>ソース ファイル\Main\Water</Filter>
    </ClInclude>
    <ClInclude Include="ObjEnemyBullet.h">
      <Filter>ソース ファイル\Main\EnemyBullet</Filter>
    </ClInclude>
    <ClInclude Include="ObjRope.h">
      <Filter>ソース ファイル\Main\Rope</Filter>
    </ClInclude>
    <ClInclude Include="Function.h">
      <Filter>ソース ファイル</Filter>
    </ClInclude>
    <ClInclude Include="ObjStage3Boss.h">
      <Filter>ソース ファイル\Main\Stage3Boss</Filter>
    </ClInclude>
    <ClInclude Include="ObjEndlessSpring.h">
      <Filter>ソース ファイル\Main\EndlessSpring</Filter>
    </ClInclude>
    <ClInclude Include="ObjReflectBlock.h">
      <Filter>ソース ファイル\Main\ReflectBlock</Filter>
    </ClInclude>
    <ClInclude Include="ObjLeverswich.h">
      <Filter>ソース ファイル\Main\LeverSwich</Filter>
    </ClInclude>
    <ClInclude Include="ObjBossDropKey.h">
      <Filter>ソース ファイル\Main\BossDropKey</Filter>
    </ClInclude>
    <ClInclude Include="ObjBoss.h">
      <Filter>ソース ファイル\Main\Boss</Filter>
    </ClInclude>
    <ClInclude Include="ObjDoor.h">
      <Filter>ソース ファイル\Main\door</Filter>
    </ClInclude>
    <ClInclude Include="ObjThroughBlock.h">
      <Filter>ソース ファイル\Main\ThroughBlock</Filter>
    </ClInclude>
    <ClInclude Include="ObjFallingWalls.h">
      <Filter>ソース ファイル\Main\FallingWalls</Filter>
    </ClInclude>
  </ItemGroup>
  <ItemGroup>
    <ClCompile Include="GameL\Audio.cpp">
      <Filter>リソース ファイル</Filter>
    </ClCompile>
    <ClCompile Include="GameL\DirectXDevice.cpp">
      <Filter>リソース ファイル</Filter>
    </ClCompile>
    <ClCompile Include="GameL\DrawFont.cpp">
      <Filter>リソース ファイル</Filter>
    </ClCompile>
    <ClCompile Include="GameL\DrawTexture.cpp">
      <Filter>リソース ファイル</Filter>
    </ClCompile>
    <ClCompile Include="GameL\GameL_Main.cpp">
      <Filter>リソース ファイル</Filter>
    </ClCompile>
    <ClCompile Include="GameL\HitBoxManager.cpp">
      <Filter>リソース ファイル</Filter>
    </ClCompile>
    <ClCompile Include="GameL\MultiThread.cpp">
      <Filter>リソース ファイル</Filter>
    </ClCompile>
    <ClCompile Include="GameL\SceneManager.cpp">
      <Filter>リソース ファイル</Filter>
    </ClCompile>
    <ClCompile Include="GameL\SceneObjManager.cpp">
      <Filter>リソース ファイル</Filter>
    </ClCompile>
    <ClCompile Include="GameL\SetWindow.cpp">
      <Filter>リソース ファイル</Filter>
    </ClCompile>
    <ClCompile Include="GameL\UserData.cpp">
      <Filter>リソース ファイル</Filter>
    </ClCompile>
    <ClCompile Include="GameL\WinInputs.cpp">
      <Filter>リソース ファイル</Filter>
    </ClCompile>
    <ClCompile Include="SceneMain.cpp">
      <Filter>ソース ファイル\Main</Filter>
    </ClCompile>
    <ClCompile Include="SceneTitle.cpp">
      <Filter>ソース ファイル\Title</Filter>
    </ClCompile>
    <ClCompile Include="ObjTitle.cpp">
      <Filter>ソース ファイル\Title</Filter>
    </ClCompile>
    <ClCompile Include="ObjGameOver.cpp">
      <Filter>ソース ファイル\GameOver</Filter>
    </ClCompile>
    <ClCompile Include="SceneGameOver.cpp">
      <Filter>ソース ファイル\GameOver</Filter>
    </ClCompile>
    <ClCompile Include="ObjBlock.cpp">
      <Filter>ソース ファイル\Main\Block</Filter>
    </ClCompile>
    <ClCompile Include="ObjButton.cpp">
      <Filter>ソース ファイル\Main\Button</Filter>
    </ClCompile>
    <ClCompile Include="ObjEnemy.cpp">
      <Filter>ソース ファイル\Main\Enemy</Filter>
    </ClCompile>
    <ClCompile Include="ObjHero.cpp">
      <Filter>ソース ファイル\Main\Hero</Filter>
    </ClCompile>
    <ClCompile Include="ObjLaggers.cpp">
      <Filter>ソース ファイル\Main\Ladder</Filter>
    </ClCompile>
    <ClCompile Include="ObjLift.cpp">
      <Filter>ソース ファイル\Main\Lift</Filter>
    </ClCompile>
    <ClCompile Include="ObjRock.cpp">
      <Filter>ソース ファイル\Main\Rock</Filter>
    </ClCompile>
    <ClCompile Include="ObjMap.cpp">
      <Filter>ソース ファイル\Main\Map</Filter>
    </ClCompile>
    <ClCompile Include="ObjWood.cpp">
      <Filter>ソース ファイル\Main\Wood</Filter>
    </ClCompile>
    <ClCompile Include="ObjRopeSwitch.cpp">
      <Filter>ソース ファイル\Main\RopeSwitch</Filter>
    </ClCompile>
    <ClCompile Include="ObjBullet.cpp">
      <Filter>ソース ファイル\Main\Bullet</Filter>
    </ClCompile>
    <ClCompile Include="ObjWater.cpp">
      <Filter>ソース ファイル\Main\Water</Filter>
    </ClCompile>
    <ClCompile Include="ObjSign.cpp">
      <Filter>ソース ファイル\Main\Sign</Filter>
    </ClCompile>
    <ClCompile Include="ObjGameClear.cpp">
      <Filter>ソース ファイル\GameClear</Filter>
    </ClCompile>
    <ClCompile Include="SceneGameClear.cpp">
      <Filter>ソース ファイル\GameClear</Filter>
    </ClCompile>
    <ClCompile Include="ObjEnemyBullet.cpp">
      <Filter>ソース ファイル\Main\EnemyBullet</Filter>
    </ClCompile>
    <ClCompile Include="ObjRope.cpp">
      <Filter>ソース ファイル\Main\Rope</Filter>
    </ClCompile>
    <ClCompile Include="ObjStage3Boss.cpp">
      <Filter>ソース ファイル\Main\Stage3Boss</Filter>
    </ClCompile>
    <ClCompile Include="ObjEndlessSpring.cpp">
      <Filter>ソース ファイル\Main\EndlessSpring</Filter>
    </ClCompile>
    <ClCompile Include="ObjLeverswich.cpp">
      <Filter>ソース ファイル\Main\LeverSwich</Filter>
    </ClCompile>
    <ClCompile Include="ObjReflectBlock.cpp">
      <Filter>ソース ファイル\Main\ReflectBlock</Filter>
    </ClCompile>
    <ClCompile Include="ObjBossDropKey.cpp">
      <Filter>ソース ファイル\Main\BossDropKey</Filter>
    </ClCompile>
    <ClCompile Include="ObjBoss.cpp">
      <Filter>ソース ファイル\Main\Boss</Filter>
    </ClCompile>
    <ClCompile Include="ObjDoor.cpp">
      <Filter>ソース ファイル\Main\door</Filter>
    </ClCompile>
    <ClCompile Include="ObjThroughBlock.cpp">
      <Filter>ソース ファイル\Main\ThroughBlock</Filter>
    </ClCompile>
    <ClCompile Include="Function.cpp">
      <Filter>ソース ファイル</Filter>
    </ClCompile>
    <ClCompile Include="ObjFallingWalls.cpp">
      <Filter>ソース ファイル\Main\FallingWalls</Filter>
    </ClCompile>
  </ItemGroup>
  <ItemGroup>
    <None Include="GameL\Draw2DTex.hlsl">
      <Filter>リソース ファイル</Filter>
    </None>
  </ItemGroup>
</Project>